<Solution>
  <Folder Name="/src/">
    <Project Path="src/KObjectMapper/KObjectMapper.csproj" />
    <Project Path="src/KObjectMapper.SourceGenerator/KObjectMapper.SourceGenerator.csproj" />
  </Folder>
  <Folder Name="/tests/">
    <Project Path="tests/KObjectMapperTests/KObjectMapperTests.csproj" />
    <Project Path="tests/KObjectMapper.SourceGenerator.Tests/KObjectMapper.SourceGenerator.Tests.csproj" />
  </Folder>
</Solution>
